
Microsoft Visual Studio Solution File, Format Version 12.00
# Visual Studio 15
VisualStudioVersion = 15.0.27130.2027
MinimumVisualStudioVersion = 10.0.40219.1
Project("{FAE04EC0-301F-11D3-BF4B-00C04F79EFBC}") = "MineStudio", "MineStudio\MineStudio.csproj", "{DC6C7171-0866-48EC-89F2-2B5D8F2626F3}"
EndProject
Global
	GlobalSection(SolutionConfigurationPlatforms) = preSolution
		Debug|Any CPU = Debug|Any CPU
		Release|Any CPU = Release|Any CPU
	EndGlobalSection
	GlobalSection(ProjectConfigurationPlatforms) = postSolution
		{DC6C7171-0866-48EC-89F2-2B5D8F2626F3}.Debug|Any CPU.ActiveCfg = Debug|Any CPU
		{DC6C7171-0866-48EC-89F2-2B5D8F2626F3}.Debug|Any CPU.Build.0 = Debug|Any CPU
		{DC6C7171-0866-48EC-89F2-2B5D8F2626F3}.Release|Any CPU.ActiveCfg = Release|Any CPU
		{DC6C7171-0866-48EC-89F2-2B5D8F2626F3}.Release|Any CPU.Build.0 = Release|Any CPU
	EndGlobalSection
	GlobalSection(SolutionProperties) = preSolution
		HideSolutionNode = FALSE
	EndGlobalSection
	GlobalSection(ExtensibilityGlobals) = postSolution
		SolutionGuid = {F96CDA2F-BD87-47CB-AECF-686D1B70C4C4}
	EndGlobalSection
EndGlobal
